// !$*UTF8*$!
{
	archiveVersion = 1;
	classes = {
	};
	objectVersion = 46;
	objects = {

/* Begin PBXBuildFile section */
		8B0E8B721F788C8B00BD08D1 /* PopupButton.swift in Sources */ = {isa = PBXBuildFile; fileRef = 8B0E8B701F788C8B00BD08D1 /* PopupButton.swift */; };
		8B0E8B731F788C8B00BD08D1 /* SwitchButton.swift in Sources */ = {isa = PBXBuildFile; fileRef = 8B0E8B711F788C8B00BD08D1 /* SwitchButton.swift */; };
		8B0E8B751F788D0C00BD08D1 /* StateSwitch.swift in Sources */ = {isa = PBXBuildFile; fileRef = 8B0E8B741F788D0C00BD08D1 /* StateSwitch.swift */; };
		8B0E8B781F788D9900BD08D1 /* Colors.swift in Sources */ = {isa = PBXBuildFile; fileRef = 8B0E8B771F788D9900BD08D1 /* Colors.swift */; };
		8B0E8B7A1F788E1400BD08D1 /* Extensions.swift in Sources */ = {isa = PBXBuildFile; fileRef = 8B0E8B791F788E1400BD08D1 /* Extensions.swift */; };
		8B0E8B861F78A24D00BD08D1 /* icon_compass.png in Resources */ = {isa = PBXBuildFile; fileRef = 8B0E8B831F78A24D00BD08D1 /* icon_compass.png */; };
		8B0E8B871F78A24D00BD08D1 /* icon_track_location_off.png in Resources */ = {isa = PBXBuildFile; fileRef = 8B0E8B841F78A24D00BD08D1 /* icon_track_location_off.png */; };
		8B0E8B881F78A24D00BD08D1 /* icon_track_location_on.png in Resources */ = {isa = PBXBuildFile; fileRef = 8B0E8B851F78A24D00BD08D1 /* icon_track_location_on.png */; };
		8B273CBE1F61C1A6008FA023 /* AddMarkers.swift in Sources */ = {isa = PBXBuildFile; fileRef = 8B273CBD1F61C1A6008FA023 /* AddMarkers.swift */; };
		8B273CC01F61C5C1008FA023 /* Events.swift in Sources */ = {isa = PBXBuildFile; fileRef = 8B273CBF1F61C5C1008FA023 /* Events.swift */; };
		8B4142771F68E5320002AD80 /* BoundingBox.swift in Sources */ = {isa = PBXBuildFile; fileRef = 8B4142761F68E5320002AD80 /* BoundingBox.swift */; };
		8B6416631F6196E600D5184D /* GLKit.framework in Frameworks */ = {isa = PBXBuildFile; fileRef = 8B6416621F6196E600D5184D /* GLKit.framework */; };
		8B6416651F61977300D5184D /* libc++.tbd in Frameworks */ = {isa = PBXBuildFile; fileRef = 8B6416641F61977300D5184D /* libc++.tbd */; };
		8B6416671F61978900D5184D /* libz.tbd in Frameworks */ = {isa = PBXBuildFile; fileRef = 8B6416661F61978900D5184D /* libz.tbd */; };
		8B724FF51F715DF70075270C /* cuba.mbtiles in Resources */ = {isa = PBXBuildFile; fileRef = 8B724FF11F715DF70075270C /* cuba.mbtiles */; };
		8B9A00101F55A42900330631 /* AppDelegate.swift in Sources */ = {isa = PBXBuildFile; fileRef = 8B9A000F1F55A42900330631 /* AppDelegate.swift */; };
		8B9A00121F55A42900330631 /* ViewController.swift in Sources */ = {isa = PBXBuildFile; fileRef = 8B9A00111F55A42900330631 /* ViewController.swift */; };
		8B9A00151F55A42900330631 /* Main.storyboard in Resources */ = {isa = PBXBuildFile; fileRef = 8B9A00131F55A42900330631 /* Main.storyboard */; };
		8B9A00171F55A42900330631 /* Assets.xcassets in Resources */ = {isa = PBXBuildFile; fileRef = 8B9A00161F55A42900330631 /* Assets.xcassets */; };
		8B9A001A1F55A42900330631 /* LaunchScreen.storyboard in Resources */ = {isa = PBXBuildFile; fileRef = 8B9A00181F55A42900330631 /* LaunchScreen.storyboard */; };
		D53FED525E0A8C0206484CAB /* Pods_WeGoCuba.framework in Frameworks */ = {isa = PBXBuildFile; fileRef = 919D3E9F52A0F47479A16E13 /* Pods_WeGoCuba.framework */; };
/* End PBXBuildFile section */

/* Begin PBXFileReference section */
		1A2E8AADD279108FAB6C941D /* Pods-WeGoCuba.release.xcconfig */ = {isa = PBXFileReference; includeInIndex = 1; lastKnownFileType = text.xcconfig; name = "Pods-WeGoCuba.release.xcconfig"; path = "Pods/Target Support Files/Pods-WeGoCuba/Pods-WeGoCuba.release.xcconfig"; sourceTree = "<group>"; };
		34463DE8C6C21A28EED69B9C /* Pods-WeGoCuba.debug.xcconfig */ = {isa = PBXFileReference; includeInIndex = 1; lastKnownFileType = text.xcconfig; name = "Pods-WeGoCuba.debug.xcconfig"; path = "Pods/Target Support Files/Pods-WeGoCuba/Pods-WeGoCuba.debug.xcconfig"; sourceTree = "<group>"; };
		8B0E8B701F788C8B00BD08D1 /* PopupButton.swift */ = {isa = PBXFileReference; fileEncoding = 4; lastKnownFileType = sourcecode.swift; path = PopupButton.swift; sourceTree = "<group>"; };
		8B0E8B711F788C8B00BD08D1 /* SwitchButton.swift */ = {isa = PBXFileReference; fileEncoding = 4; lastKnownFileType = sourcecode.swift; path = SwitchButton.swift; sourceTree = "<group>"; };
		8B0E8B741F788D0C00BD08D1 /* StateSwitch.swift */ = {isa = PBXFileReference; fileEncoding = 4; lastKnownFileType = sourcecode.swift; path = StateSwitch.swift; sourceTree = "<group>"; };
		8B0E8B771F788D9900BD08D1 /* Colors.swift */ = {isa = PBXFileReference; fileEncoding = 4; lastKnownFileType = sourcecode.swift; path = Colors.swift; sourceTree = "<group>"; };
		8B0E8B791F788E1400BD08D1 /* Extensions.swift */ = {isa = PBXFileReference; fileEncoding = 4; lastKnownFileType = sourcecode.swift; path = Extensions.swift; sourceTree = "<group>"; };
		8B0E8B831F78A24D00BD08D1 /* icon_compass.png */ = {isa = PBXFileReference; lastKnownFileType = image.png; path = icon_compass.png; sourceTree = "<group>"; };
		8B0E8B841F78A24D00BD08D1 /* icon_track_location_off.png */ = {isa = PBXFileReference; lastKnownFileType = image.png; path = icon_track_location_off.png; sourceTree = "<group>"; };
		8B0E8B851F78A24D00BD08D1 /* icon_track_location_on.png */ = {isa = PBXFileReference; lastKnownFileType = image.png; path = icon_track_location_on.png; sourceTree = "<group>"; };
		8B273CBD1F61C1A6008FA023 /* AddMarkers.swift */ = {isa = PBXFileReference; fileEncoding = 4; lastKnownFileType = sourcecode.swift; name = AddMarkers.swift; path = Marcadores/AddMarkers.swift; sourceTree = "<group>"; };
		8B273CBF1F61C5C1008FA023 /* Events.swift */ = {isa = PBXFileReference; fileEncoding = 4; lastKnownFileType = sourcecode.swift; name = Events.swift; path = Listeners/Events.swift; sourceTree = "<group>"; };
		8B4142761F68E5320002AD80 /* BoundingBox.swift */ = {isa = PBXFileReference; fileEncoding = 4; lastKnownFileType = sourcecode.swift; path = BoundingBox.swift; sourceTree = "<group>"; };
		8B6416621F6196E600D5184D /* GLKit.framework */ = {isa = PBXFileReference; lastKnownFileType = wrapper.framework; name = GLKit.framework; path = System/Library/Frameworks/GLKit.framework; sourceTree = SDKROOT; };
		8B6416641F61977300D5184D /* libc++.tbd */ = {isa = PBXFileReference; lastKnownFileType = "sourcecode.text-based-dylib-definition"; name = "libc++.tbd"; path = "usr/lib/libc++.tbd"; sourceTree = SDKROOT; };
		8B6416661F61978900D5184D /* libz.tbd */ = {isa = PBXFileReference; lastKnownFileType = "sourcecode.text-based-dylib-definition"; name = libz.tbd; path = usr/lib/libz.tbd; sourceTree = SDKROOT; };
		8B724FF11F715DF70075270C /* cuba.mbtiles */ = {isa = PBXFileReference; lastKnownFileType = file; path = cuba.mbtiles; sourceTree = "<group>"; };
		8B9A000C1F55A42900330631 /* WeGoCuba.app */ = {isa = PBXFileReference; explicitFileType = wrapper.application; includeInIndex = 0; path = WeGoCuba.app; sourceTree = BUILT_PRODUCTS_DIR; };
		8B9A000F1F55A42900330631 /* AppDelegate.swift */ = {isa = PBXFileReference; lastKnownFileType = sourcecode.swift; path = AppDelegate.swift; sourceTree = "<group>"; };
		8B9A00111F55A42900330631 /* ViewController.swift */ = {isa = PBXFileReference; lastKnownFileType = sourcecode.swift; path = ViewController.swift; sourceTree = "<group>"; };
		8B9A00141F55A42900330631 /* Base */ = {isa = PBXFileReference; lastKnownFileType = file.storyboard; name = Base; path = Base.lproj/Main.storyboard; sourceTree = "<group>"; };
		8B9A00161F55A42900330631 /* Assets.xcassets */ = {isa = PBXFileReference; lastKnownFileType = folder.assetcatalog; path = Assets.xcassets; sourceTree = "<group>"; };
		8B9A00191F55A42900330631 /* Base */ = {isa = PBXFileReference; lastKnownFileType = file.storyboard; name = Base; path = Base.lproj/LaunchScreen.storyboard; sourceTree = "<group>"; };
		8B9A001B1F55A42900330631 /* Info.plist */ = {isa = PBXFileReference; lastKnownFileType = text.plist.xml; path = Info.plist; sourceTree = "<group>"; };
		8BD6B4E11F61816600C86085 /* WeGoCuba-Bridging-Header.h */ = {isa = PBXFileReference; fileEncoding = 4; lastKnownFileType = sourcecode.c.h; path = "WeGoCuba-Bridging-Header.h"; sourceTree = SOURCE_ROOT; };
		919D3E9F52A0F47479A16E13 /* Pods_WeGoCuba.framework */ = {isa = PBXFileReference; explicitFileType = wrapper.framework; includeInIndex = 0; path = Pods_WeGoCuba.framework; sourceTree = BUILT_PRODUCTS_DIR; };
/* End PBXFileReference section */

/* Begin PBXFrameworksBuildPhase section */
		8B9A00091F55A42900330631 /* Frameworks */ = {
			isa = PBXFrameworksBuildPhase;
			buildActionMask = 2147483647;
			files = (
				8B6416671F61978900D5184D /* libz.tbd in Frameworks */,
				8B6416651F61977300D5184D /* libc++.tbd in Frameworks */,
				8B6416631F6196E600D5184D /* GLKit.framework in Frameworks */,
				D53FED525E0A8C0206484CAB /* Pods_WeGoCuba.framework in Frameworks */,
			);
			runOnlyForDeploymentPostprocessing = 0;
		};
/* End PBXFrameworksBuildPhase section */

/* Begin PBXGroup section */
		1FB4CA656BB8242F416F74DA /* Frameworks */ = {
			isa = PBXGroup;
			children = (
				8B6416661F61978900D5184D /* libz.tbd */,
				8B6416641F61977300D5184D /* libc++.tbd */,
				8B6416621F6196E600D5184D /* GLKit.framework */,
				919D3E9F52A0F47479A16E13 /* Pods_WeGoCuba.framework */,
			);
			name = Frameworks;
			sourceTree = "<group>";
		};
		8B0E8B6F1F788C8B00BD08D1 /* SlideInPopup */ = {
			isa = PBXGroup;
			children = (
				8B0E8B741F788D0C00BD08D1 /* StateSwitch.swift */,
				8B0E8B701F788C8B00BD08D1 /* PopupButton.swift */,
				8B0E8B711F788C8B00BD08D1 /* SwitchButton.swift */,
			);
			path = SlideInPopup;
			sourceTree = "<group>";
		};
		8B0E8B761F788D9900BD08D1 /* Utils */ = {
			isa = PBXGroup;
			children = (
				8B0E8B791F788E1400BD08D1 /* Extensions.swift */,
				8B0E8B771F788D9900BD08D1 /* Colors.swift */,
			);
			path = Utils;
			sourceTree = "<group>";
		};
		8B0E8B821F78A24D00BD08D1 /* IMG */ = {
			isa = PBXGroup;
			children = (
				8B0E8B831F78A24D00BD08D1 /* icon_compass.png */,
				8B0E8B841F78A24D00BD08D1 /* icon_track_location_off.png */,
				8B0E8B851F78A24D00BD08D1 /* icon_track_location_on.png */,
			);
			path = IMG;
			sourceTree = "<group>";
		};
		8B58A58E1F68754500F15888 /* Controller */ = {
			isa = PBXGroup;
			children = (
				8B9A00111F55A42900330631 /* ViewController.swift */,
			);
			name = Controller;
			sourceTree = "<group>";
		};
		8B58A58F1F6875EA00F15888 /* Components */ = {
			isa = PBXGroup;
			children = (
				8B273CBF1F61C5C1008FA023 /* Events.swift */,
				8B273CBD1F61C1A6008FA023 /* AddMarkers.swift */,
				8B4142761F68E5320002AD80 /* BoundingBox.swift */,
			);
			name = Components;
			sourceTree = "<group>";
		};
		8B724FF01F715DF70075270C /* Resources */ = {
			isa = PBXGroup;
			children = (
				8B0E8B821F78A24D00BD08D1 /* IMG */,
				8BA3B9961F71B69E0020EB51 /* Vectorial */,
				8BA3B9951F71B6850020EB51 /* Raster */,
			);
			path = Resources;
			sourceTree = "<group>";
		};
		8B9A00031F55A42900330631 = {
			isa = PBXGroup;
			children = (
				8B724FF01F715DF70075270C /* Resources */,
				8B9A000E1F55A42900330631 /* WeGoCuba */,
				8B9A000D1F55A42900330631 /* Products */,
				8CF7926FE7007A1084D1039B /* Pods */,
				1FB4CA656BB8242F416F74DA /* Frameworks */,
			);
			sourceTree = "<group>";
		};
		8B9A000D1F55A42900330631 /* Products */ = {
			isa = PBXGroup;
			children = (
				8B9A000C1F55A42900330631 /* WeGoCuba.app */,
			);
			name = Products;
			sourceTree = "<group>";
		};
		8B9A000E1F55A42900330631 /* WeGoCuba */ = {
			isa = PBXGroup;
			children = (
				8B9A000F1F55A42900330631 /* AppDelegate.swift */,
				8B9A00131F55A42900330631 /* Main.storyboard */,
				8B58A58E1F68754500F15888 /* Controller */,
				8B58A58F1F6875EA00F15888 /* Components */,
				8B0E8B6F1F788C8B00BD08D1 /* SlideInPopup */,
				8B0E8B761F788D9900BD08D1 /* Utils */,
				8B9A00161F55A42900330631 /* Assets.xcassets */,
				8B9A00181F55A42900330631 /* LaunchScreen.storyboard */,
				8B9A001B1F55A42900330631 /* Info.plist */,
				8BD6B4E11F61816600C86085 /* WeGoCuba-Bridging-Header.h */,
			);
			path = WeGoCuba;
			sourceTree = "<group>";
		};
		8BA3B9951F71B6850020EB51 /* Raster */ = {
			isa = PBXGroup;
			children = (
			);
			name = Raster;
			sourceTree = "<group>";
		};
		8BA3B9961F71B69E0020EB51 /* Vectorial */ = {
			isa = PBXGroup;
			children = (
				8B724FF11F715DF70075270C /* cuba.mbtiles */,
			);
			name = Vectorial;
			sourceTree = "<group>";
		};
		8CF7926FE7007A1084D1039B /* Pods */ = {
			isa = PBXGroup;
			children = (
				34463DE8C6C21A28EED69B9C /* Pods-WeGoCuba.debug.xcconfig */,
				1A2E8AADD279108FAB6C941D /* Pods-WeGoCuba.release.xcconfig */,
			);
			name = Pods;
			sourceTree = "<group>";
		};
/* End PBXGroup section */

/* Begin PBXNativeTarget section */
		8B9A000B1F55A42900330631 /* WeGoCuba */ = {
			isa = PBXNativeTarget;
			buildConfigurationList = 8B9A001E1F55A42900330631 /* Build configuration list for PBXNativeTarget "WeGoCuba" */;
			buildPhases = (
				F4BE0A359239E21AAA32E89B /* [CP] Check Pods Manifest.lock */,
				8B9A00081F55A42900330631 /* Sources */,
				8B9A00091F55A42900330631 /* Frameworks */,
				8B9A000A1F55A42900330631 /* Resources */,
				496A036033A528694C4459CE /* [CP] Embed Pods Frameworks */,
				B02308005D41D7AA908B9567 /* [CP] Copy Pods Resources */,
			);
			buildRules = (
			);
			dependencies = (
			);
			name = WeGoCuba;
			productName = WeGoCuba;
			productReference = 8B9A000C1F55A42900330631 /* WeGoCuba.app */;
			productType = "com.apple.product-type.application";
		};
/* End PBXNativeTarget section */

/* Begin PBXProject section */
		8B9A00041F55A42900330631 /* Project object */ = {
			isa = PBXProject;
			attributes = {
				LastSwiftUpdateCheck = 0820;
				LastUpgradeCheck = 0820;
				ORGANIZATIONNAME = "Randy Hector Bartumeu Huergo";
				TargetAttributes = {
					8B9A000B1F55A42900330631 = {
						CreatedOnToolsVersion = 8.2.1;
						DevelopmentTeam = LJ9SF6A6MP;
						ProvisioningStyle = Automatic;
					};
				};
			};
			buildConfigurationList = 8B9A00071F55A42900330631 /* Build configuration list for PBXProject "WeGoCuba" */;
			compatibilityVersion = "Xcode 3.2";
			developmentRegion = English;
			hasScannedForEncodings = 0;
			knownRegions = (
				en,
				Base,
			);
			mainGroup = 8B9A00031F55A42900330631;
			productRefGroup = 8B9A000D1F55A42900330631 /* Products */;
			projectDirPath = "";
			projectRoot = "";
			targets = (
				8B9A000B1F55A42900330631 /* WeGoCuba */,
			);
		};
/* End PBXProject section */

/* Begin PBXResourcesBuildPhase section */
		8B9A000A1F55A42900330631 /* Resources */ = {
			isa = PBXResourcesBuildPhase;
			buildActionMask = 2147483647;
			files = (
				8B9A001A1F55A42900330631 /* LaunchScreen.storyboard in Resources */,
				8B0E8B861F78A24D00BD08D1 /* icon_compass.png in Resources */,
				8B724FF51F715DF70075270C /* cuba.mbtiles in Resources */,
				8B9A00171F55A42900330631 /* Assets.xcassets in Resources */,
				8B0E8B881F78A24D00BD08D1 /* icon_track_location_on.png in Resources */,
				8B9A00151F55A42900330631 /* Main.storyboard in Resources */,
				8B0E8B871F78A24D00BD08D1 /* icon_track_location_off.png in Resources */,
			);
			runOnlyForDeploymentPostprocessing = 0;
		};
/* End PBXResourcesBuildPhase section */

/* Begin PBXShellScriptBuildPhase section */
		496A036033A528694C4459CE /* [CP] Embed Pods Frameworks */ = {
			isa = PBXShellScriptBuildPhase;
			buildActionMask = 2147483647;
			files = (
			);
			inputPaths = (
			);
			name = "[CP] Embed Pods Frameworks";
			outputPaths = (
			);
			runOnlyForDeploymentPostprocessing = 0;
			shellPath = /bin/sh;
			shellScript = "\"${SRCROOT}/Pods/Target Support Files/Pods-WeGoCuba/Pods-WeGoCuba-frameworks.sh\"\n";
			showEnvVarsInLog = 0;
		};
		B02308005D41D7AA908B9567 /* [CP] Copy Pods Resources */ = {
			isa = PBXShellScriptBuildPhase;
			buildActionMask = 2147483647;
			files = (
			);
			inputPaths = (
			);
			name = "[CP] Copy Pods Resources";
			outputPaths = (
			);
			runOnlyForDeploymentPostprocessing = 0;
			shellPath = /bin/sh;
			shellScript = "\"${SRCROOT}/Pods/Target Support Files/Pods-WeGoCuba/Pods-WeGoCuba-resources.sh\"\n";
			showEnvVarsInLog = 0;
		};
		F4BE0A359239E21AAA32E89B /* [CP] Check Pods Manifest.lock */ = {
			isa = PBXShellScriptBuildPhase;
			buildActionMask = 2147483647;
			files = (
			);
			inputPaths = (
				"${PODS_PODFILE_DIR_PATH}/Podfile.lock",
				"${PODS_ROOT}/Manifest.lock",
			);
			name = "[CP] Check Pods Manifest.lock";
			outputPaths = (
				"$(DERIVED_FILE_DIR)/Pods-WeGoCuba-checkManifestLockResult.txt",
			);
			runOnlyForDeploymentPostprocessing = 0;
			shellPath = /bin/sh;
			shellScript = "diff \"${PODS_PODFILE_DIR_PATH}/Podfile.lock\" \"${PODS_ROOT}/Manifest.lock\" > /dev/null\nif [ $? != 0 ] ; then\n    # print error to STDERR\n    echo \"error: The sandbox is not in sync with the Podfile.lock. Run 'pod install' or update your CocoaPods installation.\" >&2\n    exit 1\nfi\n# This output is used by Xcode 'outputs' to avoid re-running this script phase.\necho \"SUCCESS\" > \"${SCRIPT_OUTPUT_FILE_0}\"\n";
			showEnvVarsInLog = 0;
		};
/* End PBXShellScriptBuildPhase section */

/* Begin PBXSourcesBuildPhase section */
		8B9A00081F55A42900330631 /* Sources */ = {
			isa = PBXSourcesBuildPhase;
			buildActionMask = 2147483647;
			files = (
				8B4142771F68E5320002AD80 /* BoundingBox.swift in Sources */,
				8B0E8B781F788D9900BD08D1 /* Colors.swift in Sources */,
				8B0E8B721F788C8B00BD08D1 /* PopupButton.swift in Sources */,
				8B273CC01F61C5C1008FA023 /* Events.swift in Sources */,
				8B0E8B731F788C8B00BD08D1 /* SwitchButton.swift in Sources */,
				8B0E8B7A1F788E1400BD08D1 /* Extensions.swift in Sources */,
				8B9A00121F55A42900330631 /* ViewController.swift in Sources */,
				8B9A00101F55A42900330631 /* AppDelegate.swift in Sources */,
				8B273CBE1F61C1A6008FA023 /* AddMarkers.swift in Sources */,
				8B0E8B751F788D0C00BD08D1 /* StateSwitch.swift in Sources */,
			);
			runOnlyForDeploymentPostprocessing = 0;
		};
/* End PBXSourcesBuildPhase section */

/* Begin PBXVariantGroup section */
		8B9A00131F55A42900330631 /* Main.storyboard */ = {
			isa = PBXVariantGroup;
			children = (
				8B9A00141F55A42900330631 /* Base */,
			);
			name = Main.storyboard;
			sourceTree = "<group>";
		};
		8B9A00181F55A42900330631 /* LaunchScreen.storyboard */ = {
			isa = PBXVariantGroup;
			children = (
				8B9A00191F55A42900330631 /* Base */,
			);
			name = LaunchScreen.storyboard;
			sourceTree = "<group>";
		};
/* End PBXVariantGroup section */

/* Begin XCBuildConfiguration section */
		8B9A001C1F55A42900330631 /* Debug */ = {
			isa = XCBuildConfiguration;
			buildSettings = {
				ALWAYS_SEARCH_USER_PATHS = NO;
				CLANG_ANALYZER_NONNULL = YES;
				CLANG_CXX_LANGUAGE_STANDARD = "gnu++0x";
				CLANG_CXX_LIBRARY = "libc++";
				CLANG_ENABLE_MODULES = YES;
				CLANG_ENABLE_OBJC_ARC = YES;
				CLANG_WARN_BOOL_CONVERSION = YES;
				CLANG_WARN_CONSTANT_CONVERSION = YES;
				CLANG_WARN_DIRECT_OBJC_ISA_USAGE = YES_ERROR;
				CLANG_WARN_DOCUMENTATION_COMMENTS = YES;
				CLANG_WARN_EMPTY_BODY = YES;
				CLANG_WARN_ENUM_CONVERSION = YES;
				CLANG_WARN_INFINITE_RECURSION = YES;
				CLANG_WARN_INT_CONVERSION = YES;
				CLANG_WARN_OBJC_ROOT_CLASS = YES_ERROR;
				CLANG_WARN_SUSPICIOUS_MOVE = YES;
				CLANG_WARN_UNREACHABLE_CODE = YES;
				CLANG_WARN__DUPLICATE_METHOD_MATCH = YES;
				"CODE_SIGN_IDENTITY[sdk=iphoneos*]" = "iPhone Developer";
				COPY_PHASE_STRIP = NO;
				DEBUG_INFORMATION_FORMAT = dwarf;
				ENABLE_STRICT_OBJC_MSGSEND = YES;
				ENABLE_TESTABILITY = YES;
				GCC_C_LANGUAGE_STANDARD = gnu99;
				GCC_DYNAMIC_NO_PIC = NO;
				GCC_NO_COMMON_BLOCKS = YES;
				GCC_OPTIMIZATION_LEVEL = 0;
				GCC_PREPROCESSOR_DEFINITIONS = (
					"DEBUG=1",
					"$(inherited)",
				);
				GCC_WARN_64_TO_32_BIT_CONVERSION = YES;
				GCC_WARN_ABOUT_RETURN_TYPE = YES_ERROR;
				GCC_WARN_UNDECLARED_SELECTOR = YES;
				GCC_WARN_UNINITIALIZED_AUTOS = YES_AGGRESSIVE;
				GCC_WARN_UNUSED_FUNCTION = YES;
				GCC_WARN_UNUSED_VARIABLE = YES;
				IPHONEOS_DEPLOYMENT_TARGET = 9.0;
				MTL_ENABLE_DEBUG_INFO = YES;
				ONLY_ACTIVE_ARCH = YES;
				SDKROOT = iphoneos;
				SWIFT_ACTIVE_COMPILATION_CONDITIONS = DEBUG;
				SWIFT_OPTIMIZATION_LEVEL = "-Onone";
			};
			name = Debug;
		};
		8B9A001D1F55A42900330631 /* Release */ = {
			isa = XCBuildConfiguration;
			buildSettings = {
				ALWAYS_SEARCH_USER_PATHS = NO;
				CLANG_ANALYZER_NONNULL = YES;
				CLANG_CXX_LANGUAGE_STANDARD = "gnu++0x";
				CLANG_CXX_LIBRARY = "libc++";
				CLANG_ENABLE_MODULES = YES;
				CLANG_ENABLE_OBJC_ARC = YES;
				CLANG_WARN_BOOL_CONVERSION = YES;
				CLANG_WARN_CONSTANT_CONVERSION = YES;
				CLANG_WARN_DIRECT_OBJC_ISA_USAGE = YES_ERROR;
				CLANG_WARN_DOCUMENTATION_COMMENTS = YES;
				CLANG_WARN_EMPTY_BODY = YES;
				CLANG_WARN_ENUM_CONVERSION = YES;
				CLANG_WARN_INFINITE_RECURSION = YES;
				CLANG_WARN_INT_CONVERSION = YES;
				CLANG_WARN_OBJC_ROOT_CLASS = YES_ERROR;
				CLANG_WARN_SUSPICIOUS_MOVE = YES;
				CLANG_WARN_UNREACHABLE_CODE = YES;
				CLANG_WARN__DUPLICATE_METHOD_MATCH = YES;
				"CODE_SIGN_IDENTITY[sdk=iphoneos*]" = "iPhone Developer";
				COPY_PHASE_STRIP = NO;
				DEBUG_INFORMATION_FORMAT = "dwarf-with-dsym";
				ENABLE_NS_ASSERTIONS = NO;
				ENABLE_STRICT_OBJC_MSGSEND = YES;
				GCC_C_LANGUAGE_STANDARD = gnu99;
				GCC_NO_COMMON_BLOCKS = YES;
				GCC_WARN_64_TO_32_BIT_CONVERSION = YES;
				GCC_WARN_ABOUT_RETURN_TYPE = YES_ERROR;
				GCC_WARN_UNDECLARED_SELECTOR = YES;
				GCC_WARN_UNINITIALIZED_AUTOS = YES_AGGRESSIVE;
				GCC_WARN_UNUSED_FUNCTION = YES;
				GCC_WARN_UNUSED_VARIABLE = YES;
				IPHONEOS_DEPLOYMENT_TARGET = 9.0;
				MTL_ENABLE_DEBUG_INFO = NO;
				SDKROOT = iphoneos;
				SWIFT_OPTIMIZATION_LEVEL = "-Owholemodule";
				VALIDATE_PRODUCT = YES;
			};
			name = Release;
		};
		8B9A001F1F55A42900330631 /* Debug */ = {
			isa = XCBuildConfiguration;
			baseConfigurationReference = 34463DE8C6C21A28EED69B9C /* Pods-WeGoCuba.debug.xcconfig */;
			buildSettings = {
				ASSETCATALOG_COMPILER_APPICON_NAME = AppIcon;
				DEVELOPMENT_TEAM = LJ9SF6A6MP;
				INFOPLIST_FILE = WeGoCuba/Info.plist;
				LD_RUNPATH_SEARCH_PATHS = "$(inherited) @executable_path/Frameworks";
				PRODUCT_BUNDLE_IDENTIFIER = cu.bartumeu.WeGoCuba;
				PRODUCT_NAME = "$(TARGET_NAME)";
				SWIFT_OBJC_BRIDGING_HEADER = "WeGoCuba-Bridging-Header.h";
				SWIFT_VERSION = 3.0;
			};
			name = Debug;
		};
		8B9A00201F55A42900330631 /* Release */ = {
			isa = XCBuildConfiguration;
			baseConfigurationReference = 1A2E8AADD279108FAB6C941D /* Pods-WeGoCuba.release.xcconfig */;
			buildSettings = {
				ASSETCATALOG_COMPILER_APPICON_NAME = AppIcon;
				DEVELOPMENT_TEAM = LJ9SF6A6MP;
				INFOPLIST_FILE = WeGoCuba/Info.plist;
				LD_RUNPATH_SEARCH_PATHS = "$(inherited) @executable_path/Frameworks";
				PRODUCT_BUNDLE_IDENTIFIER = cu.bartumeu.WeGoCuba;
				PRODUCT_NAME = "$(TARGET_NAME)";
				SWIFT_OBJC_BRIDGING_HEADER = "WeGoCuba-Bridging-Header.h";
				SWIFT_VERSION = 3.0;
			};
			name = Release;
		};
/* End XCBuildConfiguration section */

/* Begin XCConfigurationList section */
		8B9A00071F55A42900330631 /* Build configuration list for PBXProject "WeGoCuba" */ = {
			isa = XCConfigurationList;
			buildConfigurations = (
				8B9A001C1F55A42900330631 /* Debug */,
				8B9A001D1F55A42900330631 /* Release */,
			);
			defaultConfigurationIsVisible = 0;
			defaultConfigurationName = Release;
		};
		8B9A001E1F55A42900330631 /* Build configuration list for PBXNativeTarget "WeGoCuba" */ = {
			isa = XCConfigurationList;
			buildConfigurations = (
				8B9A001F1F55A42900330631 /* Debug */,
				8B9A00201F55A42900330631 /* Release */,
			);
			defaultConfigurationIsVisible = 0;
			defaultConfigurationName = Release;
		};
/* End XCConfigurationList section */
	};
	rootObject = 8B9A00041F55A42900330631 /* Project object */;
}
